
Microsoft Visual Studio Solution File, Format Version 12.00
# Visual Studio Version 17
VisualStudioVersion = 17.2.32630.192
MinimumVisualStudioVersion = 10.0.40219.1
Project("{FAE04EC0-301F-11D3-BF4B-00C04F79EFBC}") = "MyFirstMVCApp", "MyFirstMVCApp.csproj", "{A1526DBF-79C4-4B1F-94B3-1E4CAD3EA55C}"
EndProject
Global
	GlobalSection(SolutionConfigurationPlatforms) = preSolution
		Debug|Any CPU = Debug|Any CPU
		Release|Any CPU = Release|Any CPU
	EndGlobalSection
	GlobalSection(ProjectConfigurationPlatforms) = postSolution
		{A1526DBF-79C4-4B1F-94B3-1E4CAD3EA55C}.Debug|Any CPU.ActiveCfg = Debug|Any CPU
		{A1526DBF-79C4-4B1F-94B3-1E4CAD3EA55C}.Debug|Any CPU.Build.0 = Debug|Any CPU
		{A1526DBF-79C4-4B1F-94B3-1E4CAD3EA55C}.Release|Any CPU.ActiveCfg = Release|Any CPU
		{A1526DBF-79C4-4B1F-94B3-1E4CAD3EA55C}.Release|Any CPU.Build.0 = Release|Any CPU
	EndGlobalSection
	GlobalSection(SolutionProperties) = preSolution
		HideSolutionNode = FALSE
	EndGlobalSection
	GlobalSection(ExtensibilityGlobals) = postSolution
		SolutionGuid = {00E2062B-651B-4582-BCC1-4081F3BCB472}
	EndGlobalSection
EndGlobal
